{
    "_meta": {
        "hash": {
            "sha256": "7129f22974b497e67da4854a4da53902fe62b8929ae849d537e1287dc32f00a5"
        },
        "pipfile-spec": 6,
        "requires": {
            "python_version": "3.8"
        },
        "sources": [
            {
                "name": "pypi",
                "url": "https://pypi.org/simple",
                "verify_ssl": true
            }
        ]
    },
    "default": {
        "apache-beam": {
            "hashes": [
                "sha256:026b3844814bf2fe888ff6370e62cd1a4851179d8968f1380549b89184f875b4",
                "sha256:05c6c50d7e8fc3a6e237495864222d4f56b34e3b1ddc5d88ab77d6947525f34f",
                "sha256:0b454b637b70852c6384472d45688a8e8b1b3239b8dce364cd03193b3a25fef5",
                "sha256:11e109c1c58c2f40fe2ce38806a38521995fd08659102036dede3bb8c4ca177f",
                "sha256:13819c26520559f69b807d6f8662bff5d645f282fea2140100528981b662d50d",
                "sha256:2090cf8ba01fd857ec9164d6dcfbcfe61a216f8a3f4222cf1b508a5bc09196eb",
                "sha256:2efe790a7fb977cfc0084f8788f39c381a7214f164e9f27d0329c133d5149d7e",
                "sha256:326cf61b60da8b63453eb054f14697b109e35172ecca8dd954974982689e7d05",
                "sha256:3a4c5c09947f66d9e5ea21e0f51d35d6b769e64442ba5fbca4ef5c639e33c7a4",
                "sha256:3eec83712c2d76a67d90b40dc2177ac567a326bdd9b65493637f687471189684",
                "sha256:3fefcf904d3895bcc067bebf4c050af5ce463592b2066cd84d0f3012b9e07a98",
                "sha256:40b27f31db83686d1747123ea9e4b4090b4a8ea789c6f80c53c81208513fd2db",
                "sha256:43e64029f90553e33ffa0558b45ed6c019b2229e4bd42fc820b85000416cef35",
                "sha256:4b16ead736510e885098bd28889c17d11a94048b066ab58c633009e5e179e29b",
                "sha256:5dee14658ccdc56e48a509ccc6439214321afbc85a7a83f236a7a68555314817",
                "sha256:65c1985901f138f23c1e5e0190a976689691296a905d84cbf1a0aa765b4983a2",
                "sha256:74130705bae1742c2e24e80ec786cff5bbd5c94fea141cb468a7022f6538e8e2",
                "sha256:8230cad5d0fb87e0add99ee5df7ea99f6f55b10ace1854a51f48dbe0b45990ca",
                "sha256:90889054934e6eb4f4a9d320509d32c8de562303b7c07cbef2ecd8f2dc8d4a35",
                "sha256:a7bb4282e07a8d5bafcb31e34435a624402391e05fe79da8d93b79ce1a715a88",
                "sha256:b921e0d1853140db1eb871c1a20c6d0c89623c2dd31502d046da31a4a1b0a94b",
                "sha256:bc4adaf3f781ba9547d47a73adca26fc3e8c05d88f45e6fa3e75293190a20a38",
                "sha256:beb7094434528392eef29cbda5d7bb3356ed35ffeb032012c7e187fc5ba31cb8",
                "sha256:bf7800223ab35a81a1cb09aad5745673d9cf55e48620b44c9bd4af9c24f64333",
                "sha256:c4285ae0222233161b86d7debd2ebb35ac916f504316c3406764ecc43bb2276a",
                "sha256:c88d8eafdd2e2f3fa65e75615824cd783f0077a4b70958b8eea7455c73b8fd02",
                "sha256:ca78da2b2ed099f56399c08d978106251c65473ceb3511fa0298cc79a2eaa050",
                "sha256:d6097f70cafcff283b1669571d290f88949a47d3959c6928afe29f6668df0d19",
                "sha256:dd6601f49ea45d6c4ef257315dffa550d0aeeb30cee6a38954d24e24559a553d",
                "sha256:e088065b55eeb28c8727af6d5e19d83231ce11431ed611d9682ecd827fc7f30c",
                "sha256:e1be453482ed1406077190c54044c56766990d43e8135e4c8af476da0675aaa1",
                "sha256:f66f643fd0518d1e675aea2579d2408de95379dbfe378ff8ea3cefe862300f14",
                "sha256:f7db8fe24d479683ff978b67491799d40b04c24f2f52a9752e8caeb7b4b98be2"
            ],
            "markers": "python_version >= '3.6'",
            "version": "==2.38.0"
        },
        "apache-flink": {
            "hashes": [
                "sha256:0207311b280ae140ac00dbc9ef84e958f1635a41ccd83aef8a705434f0dbc2a2",
                "sha256:1e39be44f2887e2e8ce511388926c51f95cf6ad0aa0b5268e8a2b53752d9b026",
                "sha256:3614034e5b52c7d63c215cd2435fb988c9aed06beda0197b28180fd5923476f6",
                "sha256:3c435afa3064071391953451c71251f6f91f35c3c0a7a9824f2789c139f61f7d",
                "sha256:64e5445adcc7b5d0f14a1393f98cb3d683aaf1955966e03ff3c0e3ae66c98ea9",
                "sha256:835428cb3e235bd7acf7137e757c8088780e59d329521c96dc9b4501d21c74e1",
                "sha256:a64693d74df552b18f17ffbde49f5f26a25131d2a694384754092d58f9036bd9",
                "sha256:c6b9fd3345fa1901ba16d2d63c47cc203491210406705224482c4d7f02e0bd37",
                "sha256:dec0a3aa7615ab58886435489a4038e98fad3d63628a889a00f355ca85a91f9e",
                "sha256:f4198a38a78faa9abbbaba98c16f9f989a86a99836b8176251fd3cb36afdfb99",
                "sha256:f577823d3f7cbe42b56fa6a97fbb5cdeac30dd2f3d9112a73be9f254d412302a"
            ],
            "index": "pypi",
            "version": "==1.16.0"
        },
        "apache-flink-libraries": {
            "hashes": [
                "sha256:1f66acb497c3f36753bce57cd978a0f322d1175bd850df6bff4846e4193db6ad"
            ],
            "markers": "python_version >= '3.6'",
            "version": "==1.16.0"
        },
        "avro-python3": {
            "hashes": [
                "sha256:ca1e77a3da5ac98e8833588f71fb2e170b38e34787ee0e04920de0e9470b7d32"
            ],
            "markers": "python_version >= '3.5'",
            "version": "==1.9.2.1"
        },
        "certifi": {
            "hashes": [
                "sha256:35824b4c3a97115964b408844d64aa14db1cc518f6562e8d7261699d1350a9e3",
                "sha256:4ad3232f5e926d6718ec31cfc1fcadfde020920e278684144551c91769c7bc18"
            ],
            "markers": "python_version >= '3.6'",
            "version": "==2022.12.7"
        },
        "charset-normalizer": {
            "hashes": [
                "sha256:5a3d016c7c547f69d6f81fb0db9449ce888b418b5b9952cc5e6e66843e9dd845",
                "sha256:83e9a75d1911279afd89352c68b45348559d1fc0506b054b346651b5e7fee29f"
            ],
            "markers": "python_full_version >= '3.6.0'",
            "version": "==2.1.1"
        },
        "cloudpickle": {
            "hashes": [
                "sha256:b5c434f75c34624eedad3a14f2be5ac3b5384774d5b0e3caf905c21479e6c4b1",
                "sha256:bb233e876a58491d9590a676f93c7a5473a08f747d5ab9df7f9ce564b3e7938e"
            ],
            "markers": "python_version >= '3.6'",
            "version": "==2.1.0"
        },
        "crcmod": {
            "hashes": [
                "sha256:50586ab48981f11e5b117523d97bb70864a2a1af246cf6e4f5c4a21ef4611cd1",
                "sha256:69a2e5c6c36d0f096a7beb4cd34e5f882ec5fd232efb710cdb85d4ff196bd52e",
                "sha256:737fb308fa2ce9aed2e29075f0d5980d4a89bfbec48a368c607c5c63b3efb90e",
                "sha256:dc7051a0db5f2bd48665a990d3ec1cc305a466a77358ca4492826f41f283601e"
            ],
            "version": "==1.7"
        },
        "dill": {
            "hashes": [
                "sha256:42d8ef819367516592a825746a18073ced42ca169ab1f5f4044134703e7a049c"
            ],
            "markers": "python_version >= '2.6' and python_version != '3.0'",
            "version": "==0.3.1.1"
        },
        "docopt": {
            "hashes": [
                "sha256:49b3a825280bd66b3aa83585ef59c4a8c82f2c8a522dbe754a8bc8d08c85c491"
            ],
            "version": "==0.6.2"
        },
        "fastavro": {
            "hashes": [
                "sha256:0b9d6a4246a79ed215dadaeb17419275624a0b06323dca6b7e6e6d6b3fe2ed55",
                "sha256:1565df0863ee9ec8c67c2f3d91ded599d74f0ba7b29c727610bc13ca21da3021",
                "sha256:24cbb94230e6c855428ad182ef3a3a93f0019bce1f93b4a867f9783086ce0876",
                "sha256:282b121831f50f343674cb4914875466cc5bbbb69b6d606422fbf7e3608693b9",
                "sha256:39ba24fbec95d2b09154d598d57ca2f929e5c08b856024b886db830c867af299",
                "sha256:4af0fa6af388e984b0c70ebe57b486b7685ac0e9a0b9c58615fd3bf76c69e443",
                "sha256:59e8c9161f080602ac97c2964bde18a43435e3e4e6a84f83e0aac64b8e6ffa90",
                "sha256:5a41d1340bb45cf70b1bab9f4d5f99e6f3c022fa29f7a02764c0f13c9620dc5b",
                "sha256:7448b385d13ee7b90eff4bc86e8470e7837cebd0b3a1f8d530915427972f7197",
                "sha256:764c2ba8f30c64e22646b747f6715ca2849ac9eef7af93b9c0561beed69d9dff",
                "sha256:7b3189eae69517d76d99e00c739617eb024fefb34dba6963dc8f2acbbce0bc1b",
                "sha256:943457d32ba7d5e4fb9d3b965305159d50287c722bac754afbf0a789da7e7570",
                "sha256:96e7a253e73417e68e20106a36de28b3ceb8c22a069aa6d1f6323efdf1726816",
                "sha256:9f85e19477a25369e49a6b7c0d8f2c7a5b968acb6d278890e199c95221a1c770",
                "sha256:a111a384a786b7f1fd6a8a8307da07ccf4d4c425084e2d61bae33ecfb60de405",
                "sha256:a3835f2dba148f838a5412ad64cfcf47d3d8330cbd913a51f269c04984361f85",
                "sha256:b713d680161cade96304eae68361e8235ad92c4405cd3fc45f16ebe07755667f",
                "sha256:d29a0736b5cc013c5b5c9f5cf4fca27f5fc4649a52ac5e2eca2589b27f4b7a64",
                "sha256:dc40f13ddda42c087d2486807d27a9942d82c1830dd0ea1e2123c8354e4de74f",
                "sha256:fb2840e3974cec2b0f493ff7d85b88829e4d5dadf692b7a1c3f38ae7888ee0bb"
            ],
            "markers": "python_version >= '3.6'",
            "version": "==1.4.7"
        },
        "grpcio": {
            "hashes": [
                "sha256:094e64236253590d9d4075665c77b329d707b6fca864dd62b144255e199b4f87",
                "sha256:0dc5354e38e5adf2498312f7241b14c7ce3484eefa0082db4297189dcbe272e6",
                "sha256:0e1a9e1b4a23808f1132aa35f968cd8e659f60af3ffd6fb00bcf9a65e7db279f",
                "sha256:0fb93051331acbb75b49a2a0fd9239c6ba9528f6bdc1dd400ad1cb66cf864292",
                "sha256:16c71740640ba3a882f50b01bf58154681d44b51f09a5728180a8fdc66c67bd5",
                "sha256:172405ca6bdfedd6054c74c62085946e45ad4d9cec9f3c42b4c9a02546c4c7e9",
                "sha256:17ec9b13cec4a286b9e606b48191e560ca2f3bbdf3986f91e480a95d1582e1a7",
                "sha256:22b011674090594f1f3245960ced7386f6af35485a38901f8afee8ad01541dbd",
                "sha256:24ac1154c4b2ab4a0c5326a76161547e70664cd2c39ba75f00fc8a2170964ea2",
                "sha256:257478300735ce3c98d65a930bbda3db172bd4e00968ba743e6a1154ea6edf10",
                "sha256:29cb97d41a4ead83b7bcad23bdb25bdd170b1e2cba16db6d3acbb090bc2de43c",
                "sha256:2b170eaf51518275c9b6b22ccb59450537c5a8555326fd96ff7391b5dd75303c",
                "sha256:31bb6bc7ff145e2771c9baf612f4b9ebbc9605ccdc5f3ff3d5553de7fc0e0d79",
                "sha256:3c2b3842dcf870912da31a503454a33a697392f60c5e2697c91d133130c2c85d",
                "sha256:3f9b0023c2c92bebd1be72cdfca23004ea748be1813a66d684d49d67d836adde",
                "sha256:471d39d3370ca923a316d49c8aac66356cea708a11e647e3bdc3d0b5de4f0a40",
                "sha256:49d680356a975d9c66a678eb2dde192d5dc427a7994fb977363634e781614f7c",
                "sha256:4c4423ea38a7825b8fed8934d6d9aeebdf646c97e3c608c3b0bcf23616f33877",
                "sha256:506b9b7a4cede87d7219bfb31014d7b471cfc77157da9e820a737ec1ea4b0663",
                "sha256:538d981818e49b6ed1e9c8d5e5adf29f71c4e334e7d459bf47e9b7abb3c30e09",
                "sha256:59dffade859f157bcc55243714d57b286da6ae16469bf1ac0614d281b5f49b67",
                "sha256:5a6ebcdef0ef12005d56d38be30f5156d1cb3373b52e96f147f4a24b0ddb3a9d",
                "sha256:5dca372268c6ab6372d37d6b9f9343e7e5b4bc09779f819f9470cd88b2ece3c3",
                "sha256:6df3b63538c362312bc5fa95fb965069c65c3ea91d7ce78ad9c47cab57226f54",
                "sha256:6f0b89967ee11f2b654c23b27086d88ad7bf08c0b3c2a280362f28c3698b2896",
                "sha256:75e29a90dc319f0ad4d87ba6d20083615a00d8276b51512e04ad7452b5c23b04",
                "sha256:7942b32a291421460d6a07883033e392167d30724aa84987e6956cd15f1a21b9",
                "sha256:9235dcd5144a83f9ca6f431bd0eccc46b90e2c22fe27b7f7d77cabb2fb515595",
                "sha256:97d67983189e2e45550eac194d6234fc38b8c3b5396c153821f2d906ed46e0ce",
                "sha256:9ff42c5620b4e4530609e11afefa4a62ca91fa0abb045a8957e509ef84e54d30",
                "sha256:a8a0b77e992c64880e6efbe0086fe54dfc0bbd56f72a92d9e48264dcd2a3db98",
                "sha256:aacb54f7789ede5cbf1d007637f792d3e87f1c9841f57dd51abf89337d1b8472",
                "sha256:bc59f7ba87972ab236f8669d8ca7400f02a0eadf273ca00e02af64d588046f02",
                "sha256:cc2bece1737b44d878cc1510ea04469a8073dbbcdd762175168937ae4742dfb3",
                "sha256:cd3baccea2bc5c38aeb14e5b00167bd4e2373a373a5e4d8d850bd193edad150c",
                "sha256:dad6533411d033b77f5369eafe87af8583178efd4039c41d7515d3336c53b4f1",
                "sha256:e223a9793522680beae44671b9ed8f6d25bbe5ddf8887e66aebad5e0686049ef",
                "sha256:e473525c28251558337b5c1ad3fa969511e42304524a4e404065e165b084c9e4",
                "sha256:e4ef09f8997c4be5f3504cefa6b5c6cc3cf648274ce3cede84d4342a35d76db6",
                "sha256:e6dfc2b6567b1c261739b43d9c59d201c1b89e017afd9e684d85aa7a186c9f7a",
                "sha256:eacad297ea60c72dd280d3353d93fb1dcca952ec11de6bb3c49d12a572ba31dd",
                "sha256:f1158bccbb919da42544a4d3af5d9296a3358539ffa01018307337365a9a0c64",
                "sha256:f1fec3abaf274cdb85bf3878167cfde5ad4a4d97c68421afda95174de85ba813",
                "sha256:f96ace1540223f26fbe7c4ebbf8a98e3929a6aa0290c8033d12526847b291c0f",
                "sha256:fbdbe9a849854fe484c00823f45b7baab159bdd4a46075302281998cb8719df5"
            ],
            "markers": "python_version >= '3.7'",
            "version": "==1.51.1"
        },
        "hdfs": {
            "hashes": [
                "sha256:3428078ad1e83a2e2a11801c536ac2aa5094f5fabde5d1e7145bacbf4a599c1e",
                "sha256:ecd4650c39bb4f9421641320f4931edd81cf7126ae4e5ec880215adf6435df3d"
            ],
            "version": "==2.7.0"
        },
        "httplib2": {
            "hashes": [
                "sha256:0b12617eeca7433d4c396a100eaecfa4b08ee99aa881e6df6e257a7aad5d533d",
                "sha256:2ad195faf9faf079723f6714926e9a9061f694d07724b846658ce08d40f522b4"
            ],
            "version": "==0.19.1"
        },
        "idna": {
            "hashes": [
                "sha256:814f528e8dead7d329833b91c5faa87d60bf71824cd12a7530b5526063d02cb4",
                "sha256:90b77e79eaa3eba6de819a0c442c0b4ceefc341a7a2ab77d7562bf49f425c5c2"
            ],
            "markers": "python_version >= '3.5'",
            "version": "==3.4"
        },
        "numpy": {
            "hashes": [
                "sha256:1dbe1c91269f880e364526649a52eff93ac30035507ae980d2fed33aaee633ac",
                "sha256:357768c2e4451ac241465157a3e929b265dfac85d9214074985b1786244f2ef3",
                "sha256:3820724272f9913b597ccd13a467cc492a0da6b05df26ea09e78b171a0bb9da6",
                "sha256:4391bd07606be175aafd267ef9bea87cf1b8210c787666ce82073b05f202add1",
                "sha256:4aa48afdce4660b0076a00d80afa54e8a97cd49f457d68a4342d188a09451c1a",
                "sha256:58459d3bad03343ac4b1b42ed14d571b8743dc80ccbf27444f266729df1d6f5b",
                "sha256:5c3c8def4230e1b959671eb959083661b4a0d2e9af93ee339c7dada6759a9470",
                "sha256:5f30427731561ce75d7048ac254dbe47a2ba576229250fb60f0fb74db96501a1",
                "sha256:643843bcc1c50526b3a71cd2ee561cf0d8773f062c8cbaf9ffac9fdf573f83ab",
                "sha256:67c261d6c0a9981820c3a149d255a76918278a6b03b6a036800359aba1256d46",
                "sha256:67f21981ba2f9d7ba9ade60c9e8cbaa8cf8e9ae51673934480e45cf55e953673",
                "sha256:6aaf96c7f8cebc220cdfc03f1d5a31952f027dda050e5a703a0d1c396075e3e7",
                "sha256:7c4068a8c44014b2d55f3c3f574c376b2494ca9cc73d2f1bd692382b6dffe3db",
                "sha256:7c7e5fa88d9ff656e067876e4736379cc962d185d5cd808014a8a928d529ef4e",
                "sha256:7f5ae4f304257569ef3b948810816bc87c9146e8c446053539947eedeaa32786",
                "sha256:82691fda7c3f77c90e62da69ae60b5ac08e87e775b09813559f8901a88266552",
                "sha256:8737609c3bbdd48e380d463134a35ffad3b22dc56295eff6f79fd85bd0eeeb25",
                "sha256:9f411b2c3f3d76bba0865b35a425157c5dcf54937f82bbeb3d3c180789dd66a6",
                "sha256:a6be4cb0ef3b8c9250c19cc122267263093eee7edd4e3fa75395dfda8c17a8e2",
                "sha256:bcb238c9c96c00d3085b264e5c1a1207672577b93fa666c3b14a45240b14123a",
                "sha256:bf2ec4b75d0e9356edea834d1de42b31fe11f726a81dfb2c2112bc1eaa508fcf",
                "sha256:d136337ae3cc69aa5e447e78d8e1514be8c3ec9b54264e680cf0b4bd9011574f",
                "sha256:d4bf4d43077db55589ffc9009c0ba0a94fa4908b9586d6ccce2e0b164c86303c",
                "sha256:d6a96eef20f639e6a97d23e57dd0c1b1069a7b4fd7027482a4c5c451cd7732f4",
                "sha256:d9caa9d5e682102453d96a0ee10c7241b72859b01a941a397fd965f23b3e016b",
                "sha256:dd1c8f6bd65d07d3810b90d02eba7997e32abbdf1277a481d698969e921a3be0",
                "sha256:e31f0bb5928b793169b87e3d1e070f2342b22d5245c755e2b81caa29756246c3",
                "sha256:ecb55251139706669fdec2ff073c98ef8e9a84473e51e716211b41aa0f18e656",
                "sha256:ee5ec40fdd06d62fe5d4084bef4fd50fd4bb6bfd2bf519365f569dc470163ab0",
                "sha256:f17e562de9edf691a42ddb1eb4a5541c20dd3f9e65b09ded2beb0799c0cf29bb",
                "sha256:fdffbfb6832cd0b300995a2b08b8f6fa9f6e856d562800fea9182316d99c4e8e"
            ],
            "markers": "python_version < '3.11' and python_version >= '3.7'",
            "version": "==1.21.6"
        },
        "oauth2client": {
            "hashes": [
                "sha256:b8a81cc5d60e2d364f0b1b98f958dbd472887acaf1a5b05e21c28c31a2d6d3ac",
                "sha256:d486741e451287f69568a4d26d70d9acd73a2bbfa275746c535b4209891cccc6"
            ],
            "version": "==4.1.3"
        },
        "orjson": {
            "hashes": [
                "sha256:0379ad4c0246281f136a93ed357e342f24070c7055f00aeff9a69c2352e38d10",
                "sha256:0459893746dc80dbfb262a24c08fdba2a737d44d26691e85f27b2223cac8075f",
                "sha256:068febdc7e10655a68a381d2db714d0a90ce46dc81519a4962521a0af07697fb",
                "sha256:194aef99db88b450b0005406f259ad07df545e6c9632f2a64c04986a0faf2c68",
                "sha256:3497dde5c99dd616554f0dcb694b955a2dc3eb920fe36b150f88ce53e3be2a46",
                "sha256:37196a7f2219508c6d944d7d5ea0000a226818787dadbbed309bfa6174f0402b",
                "sha256:3e9e54ff8c9253d7f01ebc5836a1308d0ebe8e5c2edee620867a49556a158484",
                "sha256:4b0c13e05da5bc1a6b2e1d3b117cc669e2267ce0a131e94845056d506ef041c6",
                "sha256:4b587ec06ab7dd4fb5acf50af98314487b7d56d6e1a7f05d49d8367e0e0b23bc",
                "sha256:4cd0bb7e843ceba759e4d4cc2ca9243d1a878dac42cdcfc2295883fbd5bd2400",
                "sha256:4fff44ca121329d62e48582850a247a487e968cfccd5527fab20bd5b650b78c3",
                "sha256:52540572c349179e2a7b6a7b98d6e9320e0333533af809359a95f7b57a61c506",
                "sha256:54f3ef512876199d7dacd348a0fc53392c6be15bdf857b2d67fa1b089d561b98",
                "sha256:65ea3336c2bda31bc938785b84283118dec52eb90a2946b140054873946f60a4",
                "sha256:6bf425bba42a8cee49d611ddd50b7fea9e87787e77bf90b2cb9742293f319480",
                "sha256:75de90c34db99c42ee7608ff88320442d3ce17c258203139b5a8b0afb4a9b43b",
                "sha256:78d69020fa9cf28b363d2494e5f1f10210e8fecf49bf4a767fcffcce7b9d7f58",
                "sha256:7f0ec0ca4e81492569057199e042607090ba48289c4f59f29bbc219282b8dc60",
                "sha256:83891e9c3a172841f63cae75ff9ce78f12e4c2c5161baec7af725b1d71d4de21",
                "sha256:8fe6188ea2a1165280b4ff5fab92753b2007665804e8214be3d00d0b83b5764e",
                "sha256:94bd4295fadea984b6284dc55f7d1ea828240057f3b6a1d8ec3fe4d1ea596964",
                "sha256:961bc1dcbc3a89b52e8979194b3043e7d28ffc979187e46ad23efa8ada612d04",
                "sha256:989bf5980fc8aca43a9d0a50ea0a0eee81257e812aaceb1e9c0dbd0856fc5230",
                "sha256:a30503ee24fc3c59f768501d7a7ded5119a631c79033929a5035a4c91901eac7",
                "sha256:aa57fe8b32750a64c816840444ec4d1e4310630ecd9d1d7b3db4b45d248b5585",
                "sha256:b7018494a7a11bcd04da1173c3a38fa5a866f905c138326504552231824ac9c1",
                "sha256:b70782258c73913eb6542c04b6556c841247eb92eeace5db2ee2e1d4cb6ffaa5",
                "sha256:ca61e6c5a86efb49b790c8e331ff05db6d5ed773dfc9b58667ea3b260971cfb2",
                "sha256:cbdfbd49d58cbaabfa88fcdf9e4f09487acca3d17f144648668ea6ae06cc3183",
                "sha256:cf3dad7dbf65f78fefca0eb385d606844ea58a64fe908883a32768dfaee0b952",
                "sha256:d30d427a1a731157206ddb1e95620925298e4c7c3f93838f53bd19f6069be244",
                "sha256:d46241e63df2d39f4b7d44e2ff2becfb6646052b963afb1a99f4ef8c2a31aba0",
                "sha256:d5870ced447a9fbeb5aeb90f362d9106b80a32f729a57b59c64684dbc9175e92",
                "sha256:d746da1260bbe7cb06200813cc40482fb1b0595c4c09c3afffe34cfc408d0a4a",
                "sha256:dbd74d2d3d0b7ac8ca968c3be51d4cfbecec65c6d6f55dabe95e975c234d0338",
                "sha256:dc29ff612030f3c2e8d7c0bc6c74d18b76dde3726230d892524735498f29f4b2",
                "sha256:e570fdfa09b84cc7c42a3a6dd22dbd2177cb5f3798feefc430066b260886acae",
                "sha256:eda1534a5289168614f21422861cbfb1abb8a82d66c00a8ba823d863c0797178",
                "sha256:ef3b4c7931989eb973fbbcc38accf7711d607a2b0ed84817341878ec8effb9c5",
                "sha256:f06ef273d8d4101948ebc4262a485737bcfd440fb83dd4b125d3e5f4226117bc",
                "sha256:f1612e08b8254d359f9b72c4a4099d46cdc0f58b574da48472625a0e80222b6e",
                "sha256:f8ff793a3188c21e646219dc5e2c60a74dde25c26de3075f4c2e33cf25835340",
                "sha256:faf44a709f54cf490a27ccb0fb1cb5a99005c36ff7cb127d222306bf84f5493f",
                "sha256:ff96c61127550ae25caab325e1f4a4fba2740ca77f8e81640f1b8b575e95f784"
            ],
            "markers": "python_version >= '3.7'",
            "version": "==3.8.3"
        },
        "pandas": {
            "hashes": [
                "sha256:1e4285f5de1012de20ca46b188ccf33521bff61ba5c5ebd78b4fb28e5416a9f1",
                "sha256:2651d75b9a167cc8cc572cf787ab512d16e316ae00ba81874b560586fa1325e0",
                "sha256:2c21778a688d3712d35710501f8001cdbf96eb70a7c587a3d5613573299fdca6",
                "sha256:32e1a26d5ade11b547721a72f9bfc4bd113396947606e00d5b4a5b79b3dcb006",
                "sha256:3345343206546545bc26a05b4602b6a24385b5ec7c75cb6059599e3d56831da2",
                "sha256:344295811e67f8200de2390093aeb3c8309f5648951b684d8db7eee7d1c81fb7",
                "sha256:37f06b59e5bc05711a518aa10beaec10942188dccb48918bb5ae602ccbc9f1a0",
                "sha256:552020bf83b7f9033b57cbae65589c01e7ef1544416122da0c79140c93288f56",
                "sha256:5cce0c6bbeb266b0e39e35176ee615ce3585233092f685b6a82362523e59e5b4",
                "sha256:5f261553a1e9c65b7a310302b9dbac31cf0049a51695c14ebe04e4bfd4a96f02",
                "sha256:60a8c055d58873ad81cae290d974d13dd479b82cbb975c3e1fa2cf1920715296",
                "sha256:62d5b5ce965bae78f12c1c0df0d387899dd4211ec0bdc52822373f13a3a022b9",
                "sha256:7d28a3c65463fd0d0ba8bbb7696b23073efee0510783340a44b08f5e96ffce0c",
                "sha256:8025750767e138320b15ca16d70d5cdc1886e8f9cc56652d89735c016cd8aea6",
                "sha256:8b6dbec5f3e6d5dc80dcfee250e0a2a652b3f28663492f7dab9a24416a48ac39",
                "sha256:a395692046fd8ce1edb4c6295c35184ae0c2bbe787ecbe384251da609e27edcb",
                "sha256:a62949c626dd0ef7de11de34b44c6475db76995c2064e2d99c6498c3dba7fe58",
                "sha256:aaf183a615ad790801fa3cf2fa450e5b6d23a54684fe386f7e3208f8b9bfbef6",
                "sha256:adfeb11be2d54f275142c8ba9bf67acee771b7186a5745249c7d5a06c670136b",
                "sha256:b6b87b2fb39e6383ca28e2829cddef1d9fc9e27e55ad91ca9c435572cdba51bf",
                "sha256:bd971a3f08b745a75a86c00b97f3007c2ea175951286cdda6abe543e687e5f2f",
                "sha256:c69406a2808ba6cf580c2255bcf260b3f214d2664a3a4197d0e640f573b46fd3",
                "sha256:d3bc49af96cd6285030a64779de5b3688633a07eb75c124b0747134a63f4c05f",
                "sha256:fd541ab09e1f80a2a1760032d665f6e032d8e44055d602d65eeea6e6e85498cb",
                "sha256:fe95bae4e2d579812865db2212bb733144e34d0c6785c0685329e5b60fcb85dd"
            ],
            "markers": "python_full_version >= '3.7.1'",
            "version": "==1.3.5"
        },
        "proto-plus": {
            "hashes": [
                "sha256:16faf434c79caa569e9e9c5d9ecdb9430a91d69b26a3b9fe761e124dcb9bfc21",
                "sha256:4445815a550e61bf071a46be900cb4c53491c915c11fba5eb93a20c4998f8aab"
            ],
            "markers": "python_version >= '3.6'",
            "version": "==1.19.6"
        },
        "protobuf": {
            "hashes": [
                "sha256:13ee7be3c2d9a5d2b42a1030976f760f28755fcf5863c55b1460fd205e6cd637",
                "sha256:145ce0af55c4259ca74993ddab3479c78af064002ec8227beb3d944405123c71",
                "sha256:14c1c9377a7ffbeaccd4722ab0aa900091f52b516ad89c4b0c3bb0a4af903ba5",
                "sha256:1556a1049ccec58c7855a78d27e5c6e70e95103b32de9142bae0576e9200a1b0",
                "sha256:26010f693b675ff5a1d0e1bdb17689b8b716a18709113288fead438703d45539",
                "sha256:2ae692bb6d1992afb6b74348e7bb648a75bb0d3565a3f5eea5bec8f62bd06d87",
                "sha256:2bfb815216a9cd9faec52b16fd2bfa68437a44b67c56bee59bc3926522ecb04e",
                "sha256:4ffbd23640bb7403574f7aff8368e2aeb2ec9a5c6306580be48ac59a6bac8bde",
                "sha256:59e5cf6b737c3a376932fbfb869043415f7c16a0cf176ab30a5bbc419cd709c1",
                "sha256:6902a1e4b7a319ec611a7345ff81b6b004b36b0d2196ce7a748b3493da3d226d",
                "sha256:6ce4d8bf0321e7b2d4395e253f8002a1a5ffbcfd7bcc0a6ba46712c07d47d0b4",
                "sha256:6d847c59963c03fd7a0cd7c488cadfa10cda4fff34d8bc8cba92935a91b7a037",
                "sha256:72804ea5eaa9c22a090d2803813e280fb273b62d5ae497aaf3553d141c4fdd7b",
                "sha256:7a4c97961e9e5b03a56f9a6c82742ed55375c4a25f2692b625d4087d02ed31b9",
                "sha256:85d6303e4adade2827e43c2b54114d9a6ea547b671cb63fafd5011dc47d0e13d",
                "sha256:8727ee027157516e2c311f218ebf2260a18088ffb2d29473e82add217d196b1c",
                "sha256:99938f2a2d7ca6563c0ade0c5ca8982264c484fdecf418bd68e880a7ab5730b1",
                "sha256:9b7a5c1022e0fa0dbde7fd03682d07d14624ad870ae52054849d8960f04bc764",
                "sha256:a22b3a0dbac6544dacbafd4c5f6a29e389a50e3b193e2c70dae6bbf7930f651d",
                "sha256:a38bac25f51c93e4be4092c88b2568b9f407c27217d3dd23c7a57fa522a17554",
                "sha256:a981222367fb4210a10a929ad5983ae93bd5a050a0824fc35d6371c07b78caf6",
                "sha256:ab6bb0e270c6c58e7ff4345b3a803cc59dbee19ddf77a4719c5b635f1d547aa8",
                "sha256:c56c050a947186ba51de4f94ab441d7f04fcd44c56df6e922369cc2e1a92d683",
                "sha256:e76d9686e088fece2450dbc7ee905f9be904e427341d289acbe9ad00b78ebd47",
                "sha256:ebcb546f10069b56dc2e3da35e003a02076aaa377caf8530fe9789570984a8d2",
                "sha256:f0e59430ee953184a703a324b8ec52f571c6c4259d496a19d1cabcdc19dabc62",
                "sha256:ffea251f5cd3c0b9b43c7a7a912777e0bc86263436a87c2555242a348817221b"
            ],
            "version": "==3.17.3"
        },
        "py4j": {
            "hashes": [
                "sha256:04f5b06917c0c8a81ab34121dda09a2ba1f74e96d59203c821d5cb7d28c35363",
                "sha256:0d92844da4cb747155b9563c44fc322c9a1562b3ef0979ae692dbde732d784dd"
            ],
            "version": "==0.10.9.3"
        },
        "pyarrow": {
            "hashes": [
                "sha256:02baee816456a6e64486e587caaae2bf9f084fa3a891354ff18c3e945a1cb72f",
                "sha256:04c752fb41921d0064568a15a87dbb0222cfbe9040d4b2c1b306fe6e0a453530",
                "sha256:0e0ef24b316c544f4bb56f5c376129097df3739e665feca0eb567f716d45c55a",
                "sha256:1cd4de317df01679e538004123d6d7bc325d73bad5c6bbc3d5f8aa2280408869",
                "sha256:1f4f3db1da51db4cfbafab3066a01b01578884206dced9f505da950d9ed4402d",
                "sha256:1fd077c06061b8fa8fdf91591a4270e368f63cf73c6ab56924d3b64efa96a873",
                "sha256:2403c8af207262ce8e2bc1a9d19313941fd2e424f1cb3c4b749c17efe1fd699a",
                "sha256:2523f87bd36877123fc8c4813f60d298722143ead73e907690a87e8557114693",
                "sha256:2c13ec3b26b3b069d673c5fa3a0c70c38f0d5c94686ac5dbc9d7e7d24040f812",
                "sha256:31038366484e538608f43920a5e2957b8862a43aa49438814619b527f50ec127",
                "sha256:423990d56cd8f12283b67367d48e142739b789085185018eb03d05087c3c8d43",
                "sha256:5308f4bb770b48e07c8cff36cf6a4452862e8ce9492428ad5581d846420b3884",
                "sha256:604782b1c744b24a55df80125991a7154fbdef60991eb3d02bfaed06d22f055e",
                "sha256:632bea00c2fbe2da5d29ff1698fec312ed3aabfb548f06100144e1907e22093a",
                "sha256:6b6483bf6b61fe9a046235e4ad4d9286b707607878d7dbdc2eb85a6ec4090baf",
                "sha256:71891049dc58039a9523e1cb0d921be001dacb2b327fa7b62a35b96a3aad9f0d",
                "sha256:725d3fe49dfe392ff14a8ae6a75b230a60e8985f2b621b18cfa912fe02b65f1a",
                "sha256:7ecad40a1d4e0104cd87757a403f36850261e7a989cf9e4cb3e30420bbbd1092",
                "sha256:8f7d34efb9d667f9204b40ce91a77613c46691c24cd098e3b6986bd7401b8f06",
                "sha256:943141dd8cca6c5722552a0b11a3c2e791cdf85f1768dea8170b0a8a7e824ff9",
                "sha256:954326b426eec6e31ff55209f8840b54d788420e96c4005aaa7beed1fe60b42d",
                "sha256:981ccdf4f2696550733e18da882469893d2f33f55f3cbeb6a90f81741cbf67aa",
                "sha256:9e90e75cb11e61ffeffb374f1db7c4788f1df0cb269596bf86c473155294958d",
                "sha256:a424fd9a3253d0322d53be7bbb20b5b01511706a61efadcf37f416da325e3d48",
                "sha256:b63b54dd0bada05fff76c15b233f9322de0e6947071b7871ec45024e16045aeb",
                "sha256:b8628269bd9289cae0ea668f5900451043252fe3666667f614e140084dd31aac",
                "sha256:c3a727642c1283dcb44728f0d0a00f8864b171e31c835f4b8def07e3fa8f5c73",
                "sha256:c80d2436294a07f9cc54852aa1cef034b6f9c97d29235c4bd53bbf52e24f1ebf",
                "sha256:c958cf3a4a9eee09e1063c02b89e882d19c61b3a2ce6cbd55191a6f45ed5004b",
                "sha256:cde4f711cd9476d4da18128c3a40cb529b6b7d2679aee6e0576212547530fef1",
                "sha256:d29605727865177918e806d855fd8404b6242bf1e56ade0a0023cd4fe5f7f841",
                "sha256:dc03c875e5d68b0d0143f94c438add3ab3c2411ade2748423a9c24608fea571e",
                "sha256:e3c9184335da8faf08c0df95668ce9d778df3795ce4eec959f44908742900e10",
                "sha256:e77b1f7c6c08ec319b7882c1a7c7304731530923532b3243060e6e64c456cf34",
                "sha256:f150b4f222d0ba397388908725692232345adaa8e58ad543ca00f03c7234ae7b",
                "sha256:fab8132193ae095c43b1e8d6d7f393451ac198de5aaf011c6b576b1442966fec"
            ],
            "markers": "python_version >= '3.6'",
            "version": "==6.0.1"
        },
        "pyasn1": {
            "hashes": [
                "sha256:014c0e9976956a08139dc0712ae195324a75e142284d5f87f1a87ee1b068a359",
                "sha256:03840c999ba71680a131cfaee6fab142e1ed9bbd9c693e285cc6aca0d555e576",
                "sha256:0458773cfe65b153891ac249bcf1b5f8f320b7c2ce462151f8fa74de8934becf",
                "sha256:08c3c53b75eaa48d71cf8c710312316392ed40899cb34710d092e96745a358b7",
                "sha256:39c7e2ec30515947ff4e87fb6f456dfc6e84857d34be479c9d4a4ba4bf46aa5d",
                "sha256:5c9414dcfede6e441f7e8f81b43b34e834731003427e5b09e4e00e3172a10f00",
                "sha256:6e7545f1a61025a4e58bb336952c5061697da694db1cae97b116e9c46abcf7c8",
                "sha256:78fa6da68ed2727915c4767bb386ab32cdba863caa7dbe473eaae45f9959da86",
                "sha256:7ab8a544af125fb704feadb008c99a88805126fb525280b2270bb25cc1d78a12",
                "sha256:99fcc3c8d804d1bc6d9a099921e39d827026409a58f2a720dcdb89374ea0c776",
                "sha256:aef77c9fb94a3ac588e87841208bdec464471d9871bd5050a287cc9a475cd0ba",
                "sha256:e89bf84b5437b532b0803ba5c9a5e054d21fec423a89952a74f87fa2c9b7bce2",
                "sha256:fec3e9d8e36808a28efb59b489e4528c10ad0f480e57dcc32b4de5c9d8c9fdf3"
            ],
            "version": "==0.4.8"
        },
        "pyasn1-modules": {
            "hashes": [
                "sha256:0845a5582f6a02bb3e1bde9ecfc4bfcae6ec3210dd270522fee602365430c3f8",
                "sha256:0fe1b68d1e486a1ed5473f1302bd991c1611d319bba158e98b106ff86e1d7199",
                "sha256:15b7c67fabc7fc240d87fb9aabf999cf82311a6d6fb2c70d00d3d0604878c811",
                "sha256:426edb7a5e8879f1ec54a1864f16b882c2837bfd06eee62f2c982315ee2473ed",
                "sha256:65cebbaffc913f4fe9e4808735c95ea22d7a7775646ab690518c056784bc21b4",
                "sha256:905f84c712230b2c592c19470d3ca8d552de726050d1d1716282a1f6146be65e",
                "sha256:a50b808ffeb97cb3601dd25981f6b016cbb3d31fbf57a8b8a87428e6158d0c74",
                "sha256:a99324196732f53093a84c4369c996713eb8c89d360a496b599fb1a9c47fc3eb",
                "sha256:b80486a6c77252ea3a3e9b1e360bc9cf28eaac41263d173c032581ad2f20fe45",
                "sha256:c29a5e5cc7a3f05926aff34e097e84f8589cd790ce0ed41b67aed6857b26aafd",
                "sha256:cbac4bc38d117f2a49aeedec4407d23e8866ea4ac27ff2cf7fb3e5b570df19e0",
                "sha256:f39edd8c4ecaa4556e989147ebf219227e2cd2e8a43c7e7fcb1f1c18c5fd6a3d",
                "sha256:fe0644d9ab041506b62782e92b06b8c68cca799e1a9636ec398675459e031405"
            ],
            "version": "==0.2.8"
        },
        "pydot": {
            "hashes": [
                "sha256:248081a39bcb56784deb018977e428605c1c758f10897a339fce1dd728ff007d",
                "sha256:66c98190c65b8d2e2382a441b4c0edfdb4f4c025ef9cb9874de478fb0793a451"
            ],
            "markers": "python_version >= '2.7' and python_version not in '3.0, 3.1, 3.2, 3.3'",
            "version": "==1.4.2"
        },
        "pymongo": {
            "hashes": [
                "sha256:028175dd8d2979a889153a2308e8e500b3df7d9e3fd1c33ca7fdeadf61cc87a2",
                "sha256:02f0e1a75d3bc0e16c7e15daf9c56185642be055e425f3b34888fc6eb1b22401",
                "sha256:0665412dce26b2318092a33bd2d2327d487c4490cfcde158d6946d39b1e28d78",
                "sha256:09b9d0f5a445c7e0ddcc021b09835aa6556f0166afc498f57dfdd72cdf6f02ad",
                "sha256:09de3bfc995ae8cb955abb0c9ae963c134dba1b5622be3bcc527b89b0fd4091c",
                "sha256:0e5536994cf2d8488c6fd9dea71df3c4dbb3e0d2ba5e695da06d9142a29a0969",
                "sha256:0f2c5a5984599a88d087a15859860579b825098b473d8c843f1979a83d159f2e",
                "sha256:1037097708498bdc85f23c8798a5c46c7bce432d77d23608ff14e0d831f1a971",
                "sha256:10f0fddc1d63ba3d4a4bffcc7720184c1b7efd570726ad5e2f55818da320239f",
                "sha256:12721d926d43d33dd3318e58dce9b0250e8a9c6e1093fa8e09f4805193ff4b43",
                "sha256:1410faa51ce835cc1234c99ec42e98ab4f3c6f50d92d86a2d4f6e11c97ee7a4e",
                "sha256:16e74b9c2aca2734c7f49f00fe68d6830a30d26df60e2ace7fe40ccb92087b94",
                "sha256:172db03182a22e9002157b262c1ea3b0045c73d4ff465adc152ce5b4b0e7b8d4",
                "sha256:174fd1000e896d0dfbc7f6d7e6a1992a4868796c7dec31679e38218c78d6a942",
                "sha256:1c2c5e2b00e2fadcd590c0b2e293d71215e98ed1cb635cfca2be4998d197e534",
                "sha256:1c9d23f62a3fa7523d849c4942acc0d9ff7081ebc00c808ee7cfdc070df0687f",
                "sha256:21e61a536ffed84d10376c21c13a6ed1ebefb61989a844952547c229d6aeedf3",
                "sha256:222591b828de10ac90064047b5d4916953f38c38b155009c4b8b5e0d33117c2b",
                "sha256:2406df90b2335371706c59b7d79e9633b81ed2a7ecd48c1faf8584552bdf2d90",
                "sha256:24e954be35ad4537840f20bbc8d75320ae647d3cb4fab12cb8fcd2d55f408e76",
                "sha256:26f9cc42a162faa241c82e117ac85734ae9f14343dc2df1c90c6b2181f791b22",
                "sha256:28565e3dbd69fe5fe35a210067064dbb6ed5abe997079f653c19c873c3896fe6",
                "sha256:2943d739715f265a2983ac43747595b6af3312d0a370614040959fd293763adf",
                "sha256:2bfc39276c0e6d07c95bd1088b5003f049e986e089509f7dbd68bb7a4b1e65ac",
                "sha256:2dae3b353a10c3767e0aa1c1492f2af388f1012b08117695ab3fd1f219e5814e",
                "sha256:2e0854170813238f0c3131050c67cb1fb1ade75c93bf6cd156c1bd9a16095528",
                "sha256:30245a8747dc90019a3c9ad9df987e0280a3ea632ad36227cde7d1d8dcba0830",
                "sha256:30ed2788a6ec68743e2040ab1d16573d7d9f6e7333e45070ce9268cbc93d148c",
                "sha256:32eac95bbb030b2376ffd897376c6f870222a3457f01a9ce466b9057876132f8",
                "sha256:34cd48df7e1fc69222f296d8f69e3957eb7c6b5aa0709d3467184880ed7538c0",
                "sha256:34dbf5fecf653c152edb75a35a8b15dfdc4549473484ee768aeb12c97983cead",
                "sha256:398fb86d374dc351a4abc2e24cd15e5e14b2127f6d90ce0df3fdf2adcc55ac1b",
                "sha256:3ad3a3df830f7df7e0856c2bdb54d19f5bf188bd7420985e18643b8e4d2a075f",
                "sha256:3b261d593f2563299062733ae003a925420a86ff4ddda68a69097d67204e43f3",
                "sha256:3c5cb6c93c94df76a879bad4b89db0104b01806d17c2b803c1316ba50962b6d6",
                "sha256:3cfc9bc1e8b5667bc1f3dbe46d2f85b3f24ff7533893bdc1203058012db2c046",
                "sha256:4092b660ec720d44d3ca81074280dc25c7a3718df1b6c0fe9fe36ac6ed2833e4",
                "sha256:42ba8606492d76e6f9e4c7a458ed4bc712603be393259a52450345f0945da2cf",
                "sha256:4a32f3dfcca4a4816373bdb6256c18c78974ebb3430e7da988516cd95b2bd6e4",
                "sha256:4a82a1c10f5608e6494913faa169e213d703194bfca0aa710901f303be212414",
                "sha256:4bbc0d27dfef7689285e54f2e0a224f0c7cd9d5c46d2638fabad5500b951c92f",
                "sha256:4d9ed67c987bf9ac2ac684590ba3d2599cdfb0f331ee3db607f9684469b3b59d",
                "sha256:4f6dd55dab77adf60b445c11f426ee5cdfa1b86f6d54cb937bfcbf09572333ab",
                "sha256:50a81b2d9f188c7909e0a1084fa969bb92a788076809c437ac1ae80393f46df9",
                "sha256:50b99f4d3eee6f03778fe841d6f470e6c18e744dc665156da6da3bc6e65b398d",
                "sha256:5136ebe8da6a1604998a8eb96be55935aa5f7129c41cc7bddc400d48e8df43be",
                "sha256:570ae3365b23d4fd8c669cb57613b1a90b2757e993588d3370ef90945dbeec4b",
                "sha256:5831a377d15a626fbec10890ffebc4c6abcd37e4126737932cd780a171eabdc1",
                "sha256:59c98e86c5e861032b71e6e5b65f23e6afaacea6e82483b66f1191a5021a7b4f",
                "sha256:5bdeb71a610a7b801416268e500e716d0fe693fb10d809e17f0fb3dac5be5a34",
                "sha256:5c1db7d366004d6c699eb08c716a63ae0a3e946d061cbebea65d7ce361950265",
                "sha256:61660710b054ae52c8fc10368e91d74719eb05554b631d7f8ca93d21d2bff2e6",
                "sha256:644470442beaf969df99c4e00367a817eee05f0bba5d888f1ba6fe97b5e1c102",
                "sha256:64ed1a5ce5e5926727eb0f87c698c4d9a7a9f7b0953683a65e9ce2b7cc5f8e91",
                "sha256:65a063970e15a4f338f14b820561cf6cdaf2839691ac0adb2474ddff9d0b8b0b",
                "sha256:65b6fddf6a7b91da044f202771a38e71bbb9bf42720a406b26b25fe2256e7102",
                "sha256:6af0a4b17faf26779d5caee8542a4f2cba040cea27d3bffc476cbc6ccbd4c8ee",
                "sha256:70b67390e27e58876853efbb87e43c85252de2515e2887f7dd901b4fa3d21973",
                "sha256:7219b1a726ced3bacecabef9bd114529bbb69477901373e800d7d0140baadc95",
                "sha256:7593cb1214185a0c5b43b96effc51ce82ddc933298ee36db7dc2bd45d61b4adc",
                "sha256:776f90bf2252f90a4ae838e7917638894c6356bef7265f424592e2fd1f577d05",
                "sha256:79f777eaf3f5b2c6d81f9ef00d87837001d7063302503bbcbfdbf3e9bc27c96f",
                "sha256:7c7cab8155f430ca460a6fc7ae8a705b34f3e279a57adb5f900eb81943ec777c",
                "sha256:7cb987b199fa223ad78eebaa9fbc183d5a5944bfe568a9d6f617316ca1c1f32f",
                "sha256:7ec2bb598847569ae34292f580842d37619eea3e546005042f485e15710180d5",
                "sha256:80d8576b04d0824f63bf803190359c0d3bcb6e7fa63fefbd4bc0ceaa7faae38c",
                "sha256:851f2bb52b5cb2f4711171ca925e0e05344a8452972a748a8a8ffdda1e1d72a7",
                "sha256:8927f22ef6a16229da7f18944deac8605bdc2c0858be5184259f2f7ce7fd4459",
                "sha256:8ad0515abb132f52ce9d8abd1a29681a1e65dba7b7fe13ea01e1a8db5715bf80",
                "sha256:8cc37b437cba909bef06499dadd91a39c15c14225e8d8c7870020049f8a549fe",
                "sha256:93d4e9a02c17813b34e4bd9f6fbf07310c140c8f74341537c24d07c1cdeb24d1",
                "sha256:944249aa83dee314420c37d0f40c30a8f6dc4a3877566017b87062e53af449f4",
                "sha256:9b2ed9c3b30f11cd4a3fbfc22167af7987b01b444215c2463265153fe7cf66d6",
                "sha256:9c3d07ea19cd2856d9943dce37e75d69ecbb5baf93c3e4c82f73b6075c481292",
                "sha256:9f592b202d77923498b32ddc5b376e5fa9ba280d3e16ed56cb8c932fe6d6a478",
                "sha256:a149377d1ff766fd618500798d0d94637f66d0ae222bb6d28f41f3e15c626297",
                "sha256:a17b81f22398e3e0f72bdf938e98c810286994b2bcc0a125cd5ad8fd4ea54ad7",
                "sha256:a424bdedfd84454d2905a861e0d4bb947cc5bd024fdeb3600c1a97d2be0f4255",
                "sha256:a6cbb73d9fc2282677e2b7a137d13da987bd0b13abd88ed27bba5534c226db06",
                "sha256:a796ef39dadf9d73af05d24937644d386495e43a7d13617aa3651d836da542c8",
                "sha256:aa3bca8e76f5c00ed2bb4325e0e383a547d71595926d5275d7c88175aaf7435e",
                "sha256:b01ce58eec5edeededf1992d2dce63fb8565e437be12d6f139d75b15614c4d08",
                "sha256:b0746d0d4535f56bbaa63a8f6da362f330804d578e66e126b226eebe76c2bf00",
                "sha256:b1223b826acbef07a7f5eb9bf37247b0b580119916dca9eae19d92b1290f5855",
                "sha256:b5b733694e7df22d5c049581acfc487695a6ff813322318bed8dd66f79978636",
                "sha256:b6793baf4639c72a500698a49e9250b293e17ae1faf11ac1699d8141194786fe",
                "sha256:b96e0e9d2d48948240b510bac81614458fc10adcd3a93240c2fd96448b4efd35",
                "sha256:bc04c92d05c142889c26810a4842273deb42e66411273cab4ad09268fe69ba69",
                "sha256:bdd34c57b4da51a7961beb33645646d197e41f8517801dc76b37c1441e7a4e10",
                "sha256:c0379447587ee4b8f983ba183202496e86c0358f47c45612619d634d1fcd82bd",
                "sha256:c3b70ed82f20d18d22eafc9bda0ea656605071762f7d31f3c5afc35c59d3393b",
                "sha256:c7c45a8a1a752002b0a7c81ab3a4c5e3b6f67f9826b16fbe3943f5329f565f24",
                "sha256:c8f755ff1f4ab4ca790d1d6d3229006100b301475948021b6b2757822e0d6c97",
                "sha256:d1a19d6c5098f1f4e11430cd74621699453cbc534dd7ade9167e582f50814b19",
                "sha256:d1ee773fb72ba024e7e3bb6ea8907fe52bccafcb5184aaced6bad995bd30ea20",
                "sha256:d42eb29ba314adfd9c11234b4b646f61b0448bf9b00f14db4b317e6e4b947e77",
                "sha256:d593d50815771f517d3ac4367ff716e3f3c78edae51d98e1e25791459f8848ff",
                "sha256:d7910135f5de1c5c3578e61d6f4b087715b15e365f11d4fa51a9cee92988b2bd",
                "sha256:d7c91747ec8dde51440dd594603158cc98abb3f7df84b2ed8a836f138285e4fb",
                "sha256:db2e11507fe9cc2a722be21ccc62c1b1295398fe9724c1f14900cdc7166fc0d7",
                "sha256:db5b4f8ad8607a3d612da1d4c89a84e4cf5c88f98b46365820d9babe5884ba45",
                "sha256:e1956f3338c10308e2f99c2c9ff46ae412035cbcd7aaa76c39ccdb806854a247",
                "sha256:e22d6cf5802cd09b674c307cc9e03870b8c37c503ebec3d25b86f2ce8c535dc7",
                "sha256:e5161167b3840e9c84c80f2534ea6a099f51749d5673b662a3dd248be17c3208",
                "sha256:e5e87c0eb774561c546f979342a8ff36ebee153c60a0b6c6b03ba989ceb9538c",
                "sha256:e6f8191a282ef77e526f8f8f63753a437e4aa4bc78f5edd8b6b6ed0eaebd5363",
                "sha256:e8f6979664ff477cd61b06bf8aba206df7b2334209815ab3b1019931dab643d6",
                "sha256:ea8824ebc9a1a5c8269e8f1e3989b5a6bec876726e2f3c33ebd036cb488277f0",
                "sha256:f4175fcdddf764d371ee52ec4505a40facee2533e84abf2953cda86d050cfa1f",
                "sha256:fe8194f107f0fa3cabd14e9e809f174eca335993c1db72d1e74e0f496e7afe1f"
            ],
            "version": "==3.13.0"
        },
        "pyparsing": {
            "hashes": [
                "sha256:c203ec8783bf771a155b207279b9bccb8dea02d8f0c9e5f8ead507bc3246ecc1",
                "sha256:ef9d7589ef3c200abe66653d3f1ab1033c3c419ae9b9bdb1240a85b024efc88b"
            ],
            "markers": "python_version >= '2.6' and python_version not in '3.0, 3.1, 3.2'",
            "version": "==2.4.7"
        },
        "python-dateutil": {
            "hashes": [
                "sha256:7e6584c74aeed623791615e26efd690f29817a27c73085b78e4bad02493df2fb",
                "sha256:c89805f6f4d64db21ed966fda138f8a5ed7a4fdbc1a8ee329ce1b74e3c74da9e"
            ],
            "markers": "python_version >= '2.7' and python_version not in '3.0, 3.1, 3.2'",
            "version": "==2.8.0"
        },
        "pytz": {
            "hashes": [
                "sha256:7ccfae7b4b2c067464a6733c6261673fdb8fd1be905460396b97a073e9fa683a",
                "sha256:93007def75ae22f7cd991c84e02d434876818661f8df9ad5df9e950ff4e52cfd"
            ],
            "version": "==2022.7"
        },
        "requests": {
            "hashes": [
                "sha256:7c5599b102feddaa661c826c56ab4fee28bfd17f5abca1ebbe3e7f19d7c97983",
                "sha256:8fefa2a1a1365bf5520aac41836fbee479da67864514bdb821f31ce07ce65349"
            ],
            "markers": "python_version >= '3.7' and python_version < '4'",
            "version": "==2.28.1"
        },
        "rsa": {
            "hashes": [
                "sha256:90260d9058e514786967344d0ef75fa8727eed8a7d2e43ce9f4bcf1b536174f7",
                "sha256:e38464a49c6c85d7f1351b0126661487a7e0a14a50f1675ec50eb34d4f20ef21"
            ],
            "markers": "python_version >= '3.6' and python_version < '4'",
            "version": "==4.9"
        },
        "six": {
            "hashes": [
                "sha256:1e61c37477a1626458e36f7b1d82aa5c9b094fa4802892072e49de9c60c4c926",
                "sha256:8abb2f1d86890a2dfb989f9a77cfcfd3e47c2a354b01111771326f8aa26e0254"
            ],
            "markers": "python_version >= '2.7' and python_version not in '3.0, 3.1, 3.2'",
            "version": "==1.16.0"
        },
        "typing-extensions": {
            "hashes": [
                "sha256:1511434bb92bf8dd198c12b1cc812e800d4181cfcb867674e0f8279cc93087aa",
                "sha256:16fa4864408f655d35ec496218b85f79b3437c829e93320c7c9215ccfd92489e"
            ],
            "markers": "python_version >= '3.7'",
            "version": "==4.4.0"
        },
        "urllib3": {
            "hashes": [
                "sha256:47cc05d99aaa09c9e72ed5809b60e7ba354e64b59c9c173ac3018642d8bb41fc",
                "sha256:c083dd0dce68dbfbe1129d5271cb90f9447dea7d52097c6e0126120c521ddea8"
            ],
            "markers": "python_version >= '2.7' and python_version not in '3.0, 3.1, 3.2, 3.3, 3.4, 3.5'",
            "version": "==1.26.13"
        }
    },
    "develop": {}
}
