{
    "_meta": {
        "hash": {
            "sha256": "4bee55e384b8bea34d23f4d270a91e5a8ed50a2d237c326318a1d39f20ae3a6f"
        },
        "pipfile-spec": 6,
        "requires": {
            "python_version": "3.9"
        },
        "sources": [
            {
                "name": "pypi",
                "url": "https://pypi.org/simple",
                "verify_ssl": true
            }
        ]
    },
    "default": {
        "pyflink": {
            "hashes": [
                "sha256:382dfa476a0bbdee2220639a0782aeafe41163748d077e57cb2206fbb4868b0d"
            ],
            "index": "pypi",
            "version": "==1.0"
        }
    },
    "develop": {}
}
